
Microsoft Visual Studio Solution File, Format Version 12.00
# Visual Studio 2012
Project("{FAE04EC0-301F-11D3-BF4B-00C04F79EFBC}") = "Branch", "Branch\Branch.csproj", "{4E6F352F-1B0E-4703-B47B-2BD2CAB71D58}"
EndProject
Project("{FAE04EC0-301F-11D3-BF4B-00C04F79EFBC}") = "F2FPayDll", "C:\Users\admin\Desktop\支付接口\支付宝\F2FPay_Demo_DotNet\Projects\Alipay-demo-project\F2FPayDll\F2FPayDll.csproj", "{EC6DA18D-0532-4E73-BA69-A575A724C8BB}"
EndProject
Global
	GlobalSection(SubversionScc) = preSolution
		Svn-Managed = True
		Manager = AnkhSVN - Subversion Support for Visual Studio
	EndGlobalSection
	GlobalSection(SolutionConfigurationPlatforms) = preSolution
		Debug|Any CPU = Debug|Any CPU
		Release|Any CPU = Release|Any CPU
	EndGlobalSection
	GlobalSection(ProjectConfigurationPlatforms) = postSolution
		{4E6F352F-1B0E-4703-B47B-2BD2CAB71D58}.Debug|Any CPU.ActiveCfg = Debug|Any CPU
		{4E6F352F-1B0E-4703-B47B-2BD2CAB71D58}.Debug|Any CPU.Build.0 = Debug|Any CPU
		{4E6F352F-1B0E-4703-B47B-2BD2CAB71D58}.Release|Any CPU.ActiveCfg = Release|Any CPU
		{4E6F352F-1B0E-4703-B47B-2BD2CAB71D58}.Release|Any CPU.Build.0 = Release|Any CPU
		{EC6DA18D-0532-4E73-BA69-A575A724C8BB}.Debug|Any CPU.ActiveCfg = Debug|Any CPU
		{EC6DA18D-0532-4E73-BA69-A575A724C8BB}.Debug|Any CPU.Build.0 = Debug|Any CPU
		{EC6DA18D-0532-4E73-BA69-A575A724C8BB}.Release|Any CPU.ActiveCfg = Release|Any CPU
		{EC6DA18D-0532-4E73-BA69-A575A724C8BB}.Release|Any CPU.Build.0 = Release|Any CPU
	EndGlobalSection
	GlobalSection(SolutionProperties) = preSolution
		HideSolutionNode = FALSE
	EndGlobalSection
EndGlobal
